
Microsoft Visual Studio Solution File, Format Version 12.00
# Visual Studio Version 16
VisualStudioVersion = 16.0.29806.167
MinimumVisualStudioVersion = 10.0.40219.1
Project("{FAE04EC0-301F-11D3-BF4B-00C04F79EFBC}") = "ASP_Core_Project", "ASP_Core_Project\ASP_Core_Project.csproj", "{4782E20E-C2A8-4D16-991F-F8535E6F2209}"
EndProject
Global
	GlobalSection(SolutionConfigurationPlatforms) = preSolution
		Debug|Any CPU = Debug|Any CPU
		Release|Any CPU = Release|Any CPU
	EndGlobalSection
	GlobalSection(ProjectConfigurationPlatforms) = postSolution
		{4782E20E-C2A8-4D16-991F-F8535E6F2209}.Debug|Any CPU.ActiveCfg = Debug|Any CPU
		{4782E20E-C2A8-4D16-991F-F8535E6F2209}.Debug|Any CPU.Build.0 = Debug|Any CPU
		{4782E20E-C2A8-4D16-991F-F8535E6F2209}.Release|Any CPU.ActiveCfg = Release|Any CPU
		{4782E20E-C2A8-4D16-991F-F8535E6F2209}.Release|Any CPU.Build.0 = Release|Any CPU
	EndGlobalSection
	GlobalSection(SolutionProperties) = preSolution
		HideSolutionNode = FALSE
	EndGlobalSection
	GlobalSection(ExtensibilityGlobals) = postSolution
		SolutionGuid = {2EBE75B7-E690-4222-A130-E4FB635DAE6B}
	EndGlobalSection
EndGlobal
